{
  "name": "packages",
  "lockfileVersion": 3,
  "requires": true,
  "packages": {
    "": {
      "workspaces": [
        "./**/*"
      ]
    },
    "couchdb-eval": {
      "license": "Apache-2.0"
    },
    "couchdb-objects": {
      "license": "Apache-2.0"
    },
    "couchdb-render": {
      "license": "Apache-2.0"
    },
    "couchdb-resp-completer": {
      "license": "Apache-2.0"
    },
    "express-pouchdb": {
      "license": "Apache-2.0"
    },
    "http-pouchdb": {
      "license": "Apache-2.0"
    },
    "node_modules/couchdb-eval": {
      "resolved": "couchdb-eval",
      "link": true
    },
    "node_modules/couchdb-objects": {
      "resolved": "couchdb-objects",
      "link": true
    },
    "node_modules/couchdb-render": {
      "resolved": "couchdb-render",
      "link": true
    },
    "node_modules/couchdb-resp-completer": {
      "resolved": "couchdb-resp-completer",
      "link": true
    },
    "node_modules/express-pouchdb": {
      "resolved": "express-pouchdb",
      "link": true
    },
    "node_modules/http-pouchdb": {
      "resolved": "http-pouchdb",
      "link": true
    },
    "node_modules/pouchdb-auth": {
      "resolved": "pouchdb-auth",
      "link": true
    },
    "node_modules/pouchdb-bulkdocs-wrapper": {
      "resolved": "pouchdb-bulkdocs-wrapper",
      "link": true
    },
    "node_modules/pouchdb-changeslike-wrapper": {
      "resolved": "pouchdb-changeslike-wrapper",
      "link": true
    },
    "node_modules/pouchdb-list": {
      "resolved": "pouchdb-list",
      "link": true
    },
    "node_modules/pouchdb-plugin-error": {
      "resolved": "pouchdb-plugin-error",
      "link": true
    },
    "node_modules/pouchdb-replicator": {
      "resolved": "pouchdb-replicator",
      "link": true
    },
    "node_modules/pouchdb-req-http-query": {
      "resolved": "pouchdb-req-http-query",
      "link": true
    },
    "node_modules/pouchdb-rewrite": {
      "resolved": "pouchdb-rewrite",
      "link": true
    },
    "node_modules/pouchdb-route": {
      "resolved": "pouchdb-route",
      "link": true
    },
    "node_modules/pouchdb-seamless-auth": {
      "resolved": "pouchdb-seamless-auth",
      "link": true
    },
    "node_modules/pouchdb-security": {
      "resolved": "pouchdb-security",
      "link": true
    },
    "node_modules/pouchdb-server": {
      "resolved": "pouchdb-server",
      "link": true
    },
    "node_modules/pouchdb-show": {
      "resolved": "pouchdb-show",
      "link": true
    },
    "node_modules/pouchdb-size": {
      "resolved": "pouchdb-size",
      "link": true
    },
    "node_modules/pouchdb-system-db": {
      "resolved": "pouchdb-system-db",
      "link": true
    },
    "node_modules/pouchdb-update": {
      "resolved": "pouchdb-update",
      "link": true
    },
    "node_modules/pouchdb-validation": {
      "resolved": "pouchdb-validation",
      "link": true
    },
    "node_modules/pouchdb-vhost": {
      "resolved": "pouchdb-vhost",
      "link": true
    },
    "node_modules/pouchdb-wrappers": {
      "resolved": "pouchdb-wrappers",
      "link": true
    },
    "pouchdb-auth": {
      "license": "Apache-2.0"
    },
    "pouchdb-bulkdocs-wrapper": {
      "license": "Apache-2.0"
    },
    "pouchdb-changeslike-wrapper": {
      "license": "Apache-2.0"
    },
    "pouchdb-list": {
      "license": "Apache-2.0"
    },
    "pouchdb-plugin-error": {
      "license": "Apache-2.0"
    },
    "pouchdb-replicator": {
      "license": "Apache-2.0"
    },
    "pouchdb-req-http-query": {
      "license": "Apache-2.0"
    },
    "pouchdb-rewrite": {
      "license": "Apache-2.0"
    },
    "pouchdb-route": {
      "license": "Apache-2.0"
    },
    "pouchdb-seamless-auth": {
      "license": "Apache-2.0"
    },
    "pouchdb-security": {
      "license": "Apache-2.0"
    },
    "pouchdb-server": {
      "license": "Apache-2.0",
      "bin": {
        "pouchdb-server": "bin/pouchdb-server"
      }
    },
    "pouchdb-show": {
      "license": "Apache-2.0"
    },
    "pouchdb-size": {
      "license": "Apache-2.0"
    },
    "pouchdb-system-db": {
      "license": "Apache-2.0"
    },
    "pouchdb-update": {
      "license": "Apache-2.0"
    },
    "pouchdb-validation": {
      "license": "Apache-2.0"
    },
    "pouchdb-vhost": {
      "license": "Apache-2.0"
    },
    "pouchdb-wrappers": {
      "license": "Apache-2.0"
    }
  }
}
