{
  "name": "packages",
  "lockfileVersion": 2,
  "requires": true,
  "packages": {
    "": {
      "workspaces": [
        "./**/*"
      ]
    },
    "node_modules/pouchdb": {
      "resolved": "pouchdb",
      "link": true
    },
    "node_modules/pouchdb-abstract-mapreduce": {
      "resolved": "pouchdb-abstract-mapreduce",
      "link": true
    },
    "node_modules/pouchdb-adapter-http": {
      "resolved": "pouchdb-adapter-http",
      "link": true
    },
    "node_modules/pouchdb-adapter-idb": {
      "resolved": "pouchdb-adapter-idb",
      "link": true
    },
    "node_modules/pouchdb-adapter-indexeddb": {
      "resolved": "pouchdb-adapter-indexeddb",
      "link": true
    },
    "node_modules/pouchdb-adapter-leveldb": {
      "resolved": "pouchdb-adapter-leveldb",
      "link": true
    },
    "node_modules/pouchdb-adapter-leveldb-core": {
      "resolved": "pouchdb-adapter-leveldb-core",
      "link": true
    },
    "node_modules/pouchdb-adapter-localstorage": {
      "resolved": "pouchdb-adapter-localstorage",
      "link": true
    },
    "node_modules/pouchdb-adapter-memory": {
      "resolved": "pouchdb-adapter-memory",
      "link": true
    },
    "node_modules/pouchdb-adapter-utils": {
      "resolved": "pouchdb-adapter-utils",
      "link": true
    },
    "node_modules/pouchdb-binary-utils": {
      "resolved": "pouchdb-binary-utils",
      "link": true
    },
    "node_modules/pouchdb-browser": {
      "resolved": "pouchdb-browser",
      "link": true
    },
    "node_modules/pouchdb-changes-filter": {
      "resolved": "pouchdb-changes-filter",
      "link": true
    },
    "node_modules/pouchdb-checkpointer": {
      "resolved": "pouchdb-checkpointer",
      "link": true
    },
    "node_modules/pouchdb-collate": {
      "resolved": "pouchdb-collate",
      "link": true
    },
    "node_modules/pouchdb-collections": {
      "resolved": "pouchdb-collections",
      "link": true
    },
    "node_modules/pouchdb-core": {
      "resolved": "pouchdb-core",
      "link": true
    },
    "node_modules/pouchdb-errors": {
      "resolved": "pouchdb-errors",
      "link": true
    },
    "node_modules/pouchdb-fetch": {
      "resolved": "pouchdb-fetch",
      "link": true
    },
    "node_modules/pouchdb-find": {
      "resolved": "pouchdb-find",
      "link": true
    },
    "node_modules/pouchdb-for-coverage": {
      "resolved": "pouchdb-for-coverage",
      "link": true
    },
    "node_modules/pouchdb-generate-replication-id": {
      "resolved": "pouchdb-generate-replication-id",
      "link": true
    },
    "node_modules/pouchdb-json": {
      "resolved": "pouchdb-json",
      "link": true
    },
    "node_modules/pouchdb-mapreduce": {
      "resolved": "pouchdb-mapreduce",
      "link": true
    },
    "node_modules/pouchdb-mapreduce-utils": {
      "resolved": "pouchdb-mapreduce-utils",
      "link": true
    },
    "node_modules/pouchdb-md5": {
      "resolved": "pouchdb-md5",
      "link": true
    },
    "node_modules/pouchdb-merge": {
      "resolved": "pouchdb-merge",
      "link": true
    },
    "node_modules/pouchdb-node": {
      "resolved": "pouchdb-node",
      "link": true
    },
    "node_modules/pouchdb-replication": {
      "resolved": "pouchdb-replication",
      "link": true
    },
    "node_modules/pouchdb-selector-core": {
      "resolved": "pouchdb-selector-core",
      "link": true
    },
    "node_modules/pouchdb-utils": {
      "resolved": "pouchdb-utils",
      "link": true
    },
    "node_modules/sublevel-pouchdb": {
      "resolved": "sublevel-pouchdb",
      "link": true
    },
    "pouchdb": {
      "version": "7.0.0-prerelease",
      "license": "Apache-2.0"
    },
    "pouchdb-abstract-mapreduce": {
      "version": "7.0.0-prerelease",
      "license": "Apache-2.0"
    },
    "pouchdb-adapter-http": {
      "version": "7.0.0-prerelease",
      "license": "Apache-2.0"
    },
    "pouchdb-adapter-idb": {
      "version": "7.0.0-prerelease",
      "license": "Apache-2.0"
    },
    "pouchdb-adapter-indexeddb": {
      "version": "7.0.0-prerelease",
      "license": "Apache-2.0"
    },
    "pouchdb-adapter-leveldb": {
      "version": "7.0.0-prerelease",
      "license": "Apache-2.0"
    },
    "pouchdb-adapter-leveldb-core": {
      "version": "7.0.0-prerelease",
      "license": "Apache-2.0"
    },
    "pouchdb-adapter-localstorage": {
      "version": "7.0.0-prerelease",
      "license": "Apache-2.0"
    },
    "pouchdb-adapter-memory": {
      "version": "7.0.0-prerelease",
      "license": "Apache-2.0"
    },
    "pouchdb-adapter-utils": {
      "version": "7.0.0-prerelease",
      "license": "Apache-2.0"
    },
    "pouchdb-binary-utils": {
      "version": "7.0.0-prerelease",
      "license": "Apache-2.0"
    },
    "pouchdb-browser": {
      "version": "7.0.0-prerelease",
      "license": "Apache-2.0"
    },
    "pouchdb-changes-filter": {
      "version": "7.0.0-prerelease",
      "license": "Apache-2.0"
    },
    "pouchdb-checkpointer": {
      "version": "7.0.0-prerelease",
      "license": "Apache-2.0"
    },
    "pouchdb-collate": {
      "version": "7.0.0-prerelease",
      "license": "Apache-2.0"
    },
    "pouchdb-collections": {
      "version": "7.0.0-prerelease",
      "license": "Apache-2.0"
    },
    "pouchdb-core": {
      "version": "7.0.0-prerelease",
      "license": "Apache-2.0"
    },
    "pouchdb-errors": {
      "version": "7.0.0-prerelease",
      "license": "Apache-2.0"
    },
    "pouchdb-fetch": {
      "version": "7.0.0-prerelease",
      "license": "Apache-2.0"
    },
    "pouchdb-find": {
      "version": "7.0.0-prerelease",
      "license": "Apache-2.0"
    },
    "pouchdb-for-coverage": {
      "version": "7.0.0-prerelease"
    },
    "pouchdb-generate-replication-id": {
      "version": "7.0.0-prerelease",
      "license": "Apache-2.0"
    },
    "pouchdb-json": {
      "version": "7.0.0-prerelease",
      "license": "Apache-2.0"
    },
    "pouchdb-mapreduce": {
      "version": "7.0.0-prerelease",
      "license": "Apache-2.0"
    },
    "pouchdb-mapreduce-utils": {
      "version": "7.0.0-prerelease",
      "license": "Apache-2.0"
    },
    "pouchdb-md5": {
      "version": "7.0.0-prerelease",
      "license": "Apache-2.0"
    },
    "pouchdb-merge": {
      "version": "7.0.0-prerelease",
      "license": "Apache-2.0"
    },
    "pouchdb-node": {
      "version": "7.0.0-prerelease",
      "license": "Apache-2.0"
    },
    "pouchdb-replication": {
      "version": "7.0.0-prerelease",
      "license": "Apache-2.0"
    },
    "pouchdb-selector-core": {
      "version": "7.0.0-prerelease",
      "license": "Apache-2.0"
    },
    "pouchdb-utils": {
      "version": "7.0.0-prerelease",
      "license": "Apache-2.0"
    },
    "sublevel-pouchdb": {
      "version": "7.0.0-prerelease",
      "license": "Apache-2.0"
    }
  },
  "dependencies": {
    "pouchdb": {
      "version": "file:pouchdb"
    },
    "pouchdb-abstract-mapreduce": {
      "version": "file:pouchdb-abstract-mapreduce"
    },
    "pouchdb-adapter-http": {
      "version": "file:pouchdb-adapter-http"
    },
    "pouchdb-adapter-idb": {
      "version": "file:pouchdb-adapter-idb"
    },
    "pouchdb-adapter-indexeddb": {
      "version": "file:pouchdb-adapter-indexeddb"
    },
    "pouchdb-adapter-leveldb": {
      "version": "file:pouchdb-adapter-leveldb"
    },
    "pouchdb-adapter-leveldb-core": {
      "version": "file:pouchdb-adapter-leveldb-core"
    },
    "pouchdb-adapter-localstorage": {
      "version": "file:pouchdb-adapter-localstorage"
    },
    "pouchdb-adapter-memory": {
      "version": "file:pouchdb-adapter-memory"
    },
    "pouchdb-adapter-utils": {
      "version": "file:pouchdb-adapter-utils"
    },
    "pouchdb-binary-utils": {
      "version": "file:pouchdb-binary-utils"
    },
    "pouchdb-browser": {
      "version": "file:pouchdb-browser"
    },
    "pouchdb-changes-filter": {
      "version": "file:pouchdb-changes-filter"
    },
    "pouchdb-checkpointer": {
      "version": "file:pouchdb-checkpointer"
    },
    "pouchdb-collate": {
      "version": "file:pouchdb-collate"
    },
    "pouchdb-collections": {
      "version": "file:pouchdb-collections"
    },
    "pouchdb-core": {
      "version": "file:pouchdb-core"
    },
    "pouchdb-errors": {
      "version": "file:pouchdb-errors"
    },
    "pouchdb-fetch": {
      "version": "file:pouchdb-fetch"
    },
    "pouchdb-find": {
      "version": "file:pouchdb-find"
    },
    "pouchdb-for-coverage": {
      "version": "file:pouchdb-for-coverage"
    },
    "pouchdb-generate-replication-id": {
      "version": "file:pouchdb-generate-replication-id"
    },
    "pouchdb-json": {
      "version": "file:pouchdb-json"
    },
    "pouchdb-mapreduce": {
      "version": "file:pouchdb-mapreduce"
    },
    "pouchdb-mapreduce-utils": {
      "version": "file:pouchdb-mapreduce-utils"
    },
    "pouchdb-md5": {
      "version": "file:pouchdb-md5"
    },
    "pouchdb-merge": {
      "version": "file:pouchdb-merge"
    },
    "pouchdb-node": {
      "version": "file:pouchdb-node"
    },
    "pouchdb-replication": {
      "version": "file:pouchdb-replication"
    },
    "pouchdb-selector-core": {
      "version": "file:pouchdb-selector-core"
    },
    "pouchdb-utils": {
      "version": "file:pouchdb-utils"
    },
    "sublevel-pouchdb": {
      "version": "file:sublevel-pouchdb"
    }
  }
}
